{
    "requires": true,
    "lockfileVersion": 1,
    "dependencies": {
        "js-image-zoom": {
            "version": "0.6.0",
            "resolved": "https://registry.npmjs.org/js-image-zoom/-/js-image-zoom-0.6.0.tgz",
            "integrity": "sha512-sjYVKnJdAKmrbwCHqAQ60UxGjA+tC24E9aogjmc30EAEGNuNyr5QHB62k+e96cuXi+qPpJjFez6IjCW8cJyZ/g=="
        }
    }
}
